
Microsoft Visual Studio Solution File, Format Version 12.00
# Visual Studio Version 16
VisualStudioVersion = 16.0.29728.190
MinimumVisualStudioVersion = 10.0.40219.1
Project("{9A19103F-16F7-4668-BE54-9A1E7A4F7556}") = "LibDescent.Data", "LibDescent\Data\LibDescent.Data.csproj", "{5806C452-B742-4928-8E99-C7C8ED717C29}"
EndProject
Project("{9A19103F-16F7-4668-BE54-9A1E7A4F7556}") = "LibDescent.Edit", "LibDescent\Edit\LibDescent.Edit.csproj", "{44EDABD3-EBC0-4F4F-9F8E-D11572594BF9}"
EndProject
Project("{FAE04EC0-301F-11D3-BF4B-00C04F79EFBC}") = "LibDescent.Tests", "LibDescent\Tests\LibDescent.Tests.csproj", "{6A24EB14-3339-4FCA-890A-EDD30DEBCBBC}"
EndProject
Global
	GlobalSection(SolutionConfigurationPlatforms) = preSolution
		Debug|Any CPU = Debug|Any CPU
		Release|Any CPU = Release|Any CPU
	EndGlobalSection
	GlobalSection(ProjectConfigurationPlatforms) = postSolution
		{5806C452-B742-4928-8E99-C7C8ED717C29}.Debug|Any CPU.ActiveCfg = Debug|Any CPU
		{5806C452-B742-4928-8E99-C7C8ED717C29}.Debug|Any CPU.Build.0 = Debug|Any CPU
		{5806C452-B742-4928-8E99-C7C8ED717C29}.Release|Any CPU.ActiveCfg = Release|Any CPU
		{5806C452-B742-4928-8E99-C7C8ED717C29}.Release|Any CPU.Build.0 = Release|Any CPU
		{44EDABD3-EBC0-4F4F-9F8E-D11572594BF9}.Debug|Any CPU.ActiveCfg = Debug|Any CPU
		{44EDABD3-EBC0-4F4F-9F8E-D11572594BF9}.Debug|Any CPU.Build.0 = Debug|Any CPU
		{44EDABD3-EBC0-4F4F-9F8E-D11572594BF9}.Release|Any CPU.ActiveCfg = Release|Any CPU
		{44EDABD3-EBC0-4F4F-9F8E-D11572594BF9}.Release|Any CPU.Build.0 = Release|Any CPU
		{6A24EB14-3339-4FCA-890A-EDD30DEBCBBC}.Debug|Any CPU.ActiveCfg = Debug|Any CPU
		{6A24EB14-3339-4FCA-890A-EDD30DEBCBBC}.Debug|Any CPU.Build.0 = Debug|Any CPU
		{6A24EB14-3339-4FCA-890A-EDD30DEBCBBC}.Release|Any CPU.ActiveCfg = Release|Any CPU
		{6A24EB14-3339-4FCA-890A-EDD30DEBCBBC}.Release|Any CPU.Build.0 = Release|Any CPU
	EndGlobalSection
	GlobalSection(SolutionProperties) = preSolution
		HideSolutionNode = FALSE
	EndGlobalSection
	GlobalSection(ExtensibilityGlobals) = postSolution
		SolutionGuid = {63A3FE21-B532-4FF0-9EB0-23D30E0913A0}
	EndGlobalSection
EndGlobal
